{
  "nodes": {
    "lain-src": {
      "flake": false,
      "locked": {
        "lastModified": 1737107075,
        "narHash": "sha256-bju3hQi6YVB8X31Aq8ARRy53u1HOhwlE9k/4puR4By8=",
        "owner": "HITOA",
        "repo": "Lain",
        "rev": "87b8b41f3254eceae1f4c7f65b88a7d073dcfdf6",
        "type": "github"
      },
      "original": {
        "owner": "HITOA",
        "repo": "Lain",
        "type": "github"
      }
    },
    "nixpkgs": {
      "locked": {
        "lastModified": 1734649271,
        "narHash": "sha256-4EVBRhOjMDuGtMaofAIqzJbg4Ql7Ai0PSeuVZTHjyKQ=",
        "owner": "nixos",
        "repo": "nixpkgs",
        "rev": "d70bd19e0a38ad4790d3913bf08fcbfc9eeca507",
        "type": "github"
      },
      "original": {
        "owner": "nixos",
        "ref": "nixos-unstable",
        "repo": "nixpkgs",
        "type": "github"
      }
    },
    "root": {
      "inputs": {
        "lain-src": "lain-src",
        "nixpkgs": "nixpkgs"
      }
    }
  },
  "root": "root",
  "version": 7
}
