{
  "nodes": {
    "lain-src": {
      "flake": false,
      "locked": {
        "lastModified": 1734967107,
        "narHash": "sha256-aigQUk17NNuB8eZW7oVU4iLGmDQBxMGas1JEKjUKr78=",
        "owner": "HITOA",
        "repo": "Lain",
        "rev": "da15158b89af2fe05bccc403c6aac68e9fd5b289",
        "type": "github"
      },
      "original": {
        "owner": "HITOA",
        "repo": "Lain",
        "type": "github"
      }
    },
    "nixpkgs": {
      "locked": {
        "lastModified": 1734649271,
        "narHash": "sha256-4EVBRhOjMDuGtMaofAIqzJbg4Ql7Ai0PSeuVZTHjyKQ=",
        "owner": "nixos",
        "repo": "nixpkgs",
        "rev": "d70bd19e0a38ad4790d3913bf08fcbfc9eeca507",
        "type": "github"
      },
      "original": {
        "owner": "nixos",
        "ref": "nixos-unstable",
        "repo": "nixpkgs",
        "type": "github"
      }
    },
    "root": {
      "inputs": {
        "lain-src": "lain-src",
        "nixpkgs": "nixpkgs"
      }
    }
  },
  "root": "root",
  "version": 7
}
