{
  "nodes": {
    "lain-src": {
      "flake": false,
      "locked": {
        "lastModified": 1734717869,
        "narHash": "sha256-2uo7u9nlS+hXH+KWLFXc7cWQg1RNAfFY+houi14lKSM=",
        "owner": "HITOA",
        "repo": "Lain",
        "rev": "70a825660f9932450eebe566968bfce4020c2fb9",
        "type": "github"
      },
      "original": {
        "owner": "HITOA",
        "repo": "Lain",
        "type": "github"
      }
    },
    "nixpkgs": {
      "locked": {
        "lastModified": 1734649271,
        "narHash": "sha256-4EVBRhOjMDuGtMaofAIqzJbg4Ql7Ai0PSeuVZTHjyKQ=",
        "owner": "nixos",
        "repo": "nixpkgs",
        "rev": "d70bd19e0a38ad4790d3913bf08fcbfc9eeca507",
        "type": "github"
      },
      "original": {
        "owner": "nixos",
        "ref": "nixos-unstable",
        "repo": "nixpkgs",
        "type": "github"
      }
    },
    "root": {
      "inputs": {
        "lain-src": "lain-src",
        "nixpkgs": "nixpkgs"
      }
    }
  },
  "root": "root",
  "version": 7
}
